
Microsoft Visual Studio Solution File, Format Version 12.00
# Visual Studio 15
Project("{FAE04EC0-301F-11D3-BF4B-00C04F79EFBC}") = "Assembly-CSharp", "Assembly-CSharp.csproj", "{76022AD0-D268-D5C5-4416-D2D84BCBAD5C}"
EndProject
Project("{FAE04EC0-301F-11D3-BF4B-00C04F79EFBC}") = "Assembly-CSharp-Editor", "Assembly-CSharp-Editor.csproj", "{5811AC83-86F2-27D2-406B-4F3676808DC4}"
EndProject
Global
	GlobalSection(SolutionConfigurationPlatforms) = preSolution
		Debug|Any CPU = Debug|Any CPU
		Release|Any CPU = Release|Any CPU
	EndGlobalSection
	GlobalSection(ProjectConfigurationPlatforms) = postSolution
		{76022AD0-D268-D5C5-4416-D2D84BCBAD5C}.Debug|Any CPU.ActiveCfg = Debug|Any CPU
		{76022AD0-D268-D5C5-4416-D2D84BCBAD5C}.Debug|Any CPU.Build.0 = Debug|Any CPU
		{76022AD0-D268-D5C5-4416-D2D84BCBAD5C}.Release|Any CPU.ActiveCfg = Release|Any CPU
		{76022AD0-D268-D5C5-4416-D2D84BCBAD5C}.Release|Any CPU.Build.0 = Release|Any CPU
		{5811AC83-86F2-27D2-406B-4F3676808DC4}.Debug|Any CPU.ActiveCfg = Debug|Any CPU
		{5811AC83-86F2-27D2-406B-4F3676808DC4}.Debug|Any CPU.Build.0 = Debug|Any CPU
		{5811AC83-86F2-27D2-406B-4F3676808DC4}.Release|Any CPU.ActiveCfg = Release|Any CPU
		{5811AC83-86F2-27D2-406B-4F3676808DC4}.Release|Any CPU.Build.0 = Release|Any CPU
	EndGlobalSection
	GlobalSection(SolutionProperties) = preSolution
		HideSolutionNode = FALSE
	EndGlobalSection
EndGlobal
